
Microsoft Visual Studio Solution File, Format Version 12.00
# Visual Studio Version 16
VisualStudioVersion = 16.0.29613.14
MinimumVisualStudioVersion = 10.0.40219.1
Project("{FAE04EC0-301F-11D3-BF4B-00C04F79EFBC}") = "WPFNETFramework", "WPFNETFramework\WPFNETFramework.csproj", "{3FDBE821-814D-4A00-8BD1-1D2E2808336B}"
EndProject
Global
	GlobalSection(SolutionConfigurationPlatforms) = preSolution
		Debug|Any CPU = Debug|Any CPU
		Release|Any CPU = Release|Any CPU
	EndGlobalSection
	GlobalSection(ProjectConfigurationPlatforms) = postSolution
		{3FDBE821-814D-4A00-8BD1-1D2E2808336B}.Debug|Any CPU.ActiveCfg = Debug|Any CPU
		{3FDBE821-814D-4A00-8BD1-1D2E2808336B}.Debug|Any CPU.Build.0 = Debug|Any CPU
		{3FDBE821-814D-4A00-8BD1-1D2E2808336B}.Release|Any CPU.ActiveCfg = Release|Any CPU
		{3FDBE821-814D-4A00-8BD1-1D2E2808336B}.Release|Any CPU.Build.0 = Release|Any CPU
	EndGlobalSection
	GlobalSection(SolutionProperties) = preSolution
		HideSolutionNode = FALSE
	EndGlobalSection
	GlobalSection(ExtensibilityGlobals) = postSolution
		SolutionGuid = {1DADBEBA-028F-4E0C-9CBA-9467B05F506B}
	EndGlobalSection
EndGlobal
